{
    "name": "倍速播放的音频播放器yz-audio",
    "version": "1.1.0",
    "lockfileVersion": 2,
    "requires": true,
    "packages": {
        "": {
            "name": "倍速播放的音频播放器yz-audio",
            "version": "1.1.0",
            "dependencies": {
                "uview-ui": "^1.8.6",
                "xmldom": "^0.6.0"
            }
        },
        "node_modules/uview-ui": {
            "version": "1.8.6",
            "resolved": "https://registry.npmjs.org/uview-ui/-/uview-ui-1.8.6.tgz",
            "integrity": "sha512-R93WU6htCP2Fpw668ABpF7Y8UqIx66pUKGAwBYLDkbnIldyKWkjtfJzqjFm22tF41ty6FVB+82L+gIL775c5LQ=="
        },
        "node_modules/xmldom": {
            "version": "0.6.0",
            "resolved": "https://registry.npmjs.org/xmldom/-/xmldom-0.6.0.tgz",
            "integrity": "sha512-iAcin401y58LckRZ0TkI4k0VSM1Qg0KGSc3i8rU+xrxe19A/BN1zHyVSJY7uoutVlaTSzYyk/v5AmkewAP7jtg==",
            "engines": {
                "node": ">=10.0.0"
            }
        }
    },
    "dependencies": {
        "uview-ui": {
            "version": "1.8.6",
            "resolved": "https://registry.npmjs.org/uview-ui/-/uview-ui-1.8.6.tgz",
            "integrity": "sha512-R93WU6htCP2Fpw668ABpF7Y8UqIx66pUKGAwBYLDkbnIldyKWkjtfJzqjFm22tF41ty6FVB+82L+gIL775c5LQ=="
        },
        "xmldom": {
            "version": "0.6.0",
            "resolved": "https://registry.npmjs.org/xmldom/-/xmldom-0.6.0.tgz",
            "integrity": "sha512-iAcin401y58LckRZ0TkI4k0VSM1Qg0KGSc3i8rU+xrxe19A/BN1zHyVSJY7uoutVlaTSzYyk/v5AmkewAP7jtg=="
        }
    }
}
